// !$*UTF8*$!
{
	archiveVersion = 1;
	classes = {
	};
	objectVersion = 54;
	objects = {

/* Begin PBXBuildFile section */
		A10000012B00000100000001 /* PALMApp.swift in Sources */ = {isa = PBXBuildFile; fileRef = B10000012B00000100000001 /* PALMApp.swift */; };
		A10000022B00000200000001 /* ContentView.swift in Sources */ = {isa = PBXBuildFile; fileRef = B10000022B00000200000001 /* ContentView.swift */; };
		A10000032B00000300000001 /* AuthProviderProtocol.swift in Sources */ = {isa = PBXBuildFile; fileRef = B10000032B00000300000001 /* AuthProviderProtocol.swift */; };
		A10000042B00000400000001 /* IosAuthProvider.swift in Sources */ = {isa = PBXBuildFile; fileRef = B10000042B00000400000001 /* IosAuthProvider.swift */; };
/* End PBXBuildFile section */

/* Begin PBXFileReference section */
		100000012B00000000000001 /* iosApp.app */ = {isa = PBXFileReference; explicitFileType = wrapper.application; includeInIndex = 0; path = iosApp.app; sourceTree = BUILT_PRODUCTS_DIR; };
		B10000012B00000100000001 /* PALMApp.swift */ = {isa = PBXFileReference; lastKnownFileType = sourcecode.swift; path = PALMApp.swift; sourceTree = "<group>"; };
		B10000022B00000200000001 /* ContentView.swift */ = {isa = PBXFileReference; lastKnownFileType = sourcecode.swift; path = ContentView.swift; sourceTree = "<group>"; };
		B10000032B00000300000001 /* AuthProviderProtocol.swift */ = {isa = PBXFileReference; lastKnownFileType = sourcecode.swift; path = Platform/AuthProviderProtocol.swift; sourceTree = "<group>"; };
		B10000042B00000400000001 /* IosAuthProvider.swift */ = {isa = PBXFileReference; lastKnownFileType = sourcecode.swift; path = Platform/IosAuthProvider.swift; sourceTree = "<group>"; };
		B10000052B00000500000001 /* Info.plist */ = {isa = PBXFileReference; lastKnownFileType = text.plist.xml; path = Info.plist; sourceTree = "<group>"; };
/* End PBXFileReference section */

/* Begin PBXFrameworksBuildPhase section */
		C10000012B00000000000001 /* Frameworks */ = {
			isa = PBXFrameworksBuildPhase;
			buildActionMask = 2147483647;
			files = (
			);
			runOnlyForDeploymentPostprocessing = 0;
		};
/* End PBXFrameworksBuildPhase section */

/* Begin PBXGroup section */
		D10000012B00000000000001 = {
			isa = PBXGroup;
			children = (
				D10000022B00000000000001 /* iosApp */,
				100000012B00000000000001 /* iosApp.app */,
			);
			sourceTree = "<group>";
		};
		D10000022B00000000000001 /* iosApp */ = {
			isa = PBXGroup;
			children = (
				B10000012B00000100000001 /* PALMApp.swift */,
				B10000022B00000200000001 /* ContentView.swift */,
				D10000032B00000000000001 /* Platform */,
				B10000052B00000500000001 /* Info.plist */,
			);
			path = iosApp;
			sourceTree = "<group>";
		};
		D10000032B00000000000001 /* Platform */ = {
			isa = PBXGroup;
			children = (
				B10000032B00000300000001 /* AuthProviderProtocol.swift */,
				B10000042B00000400000001 /* IosAuthProvider.swift */,
			);
			path = Platform;
			sourceTree = "<group>";
		};
/* End PBXGroup section */

/* Begin PBXNativeTarget section */
		E10000012B00000000000001 /* iosApp */ = {
			isa = PBXNativeTarget;
			buildConfigurationList = F10000012B00000000000001 /* Build configuration list for PBXNativeTarget "iosApp" */;
			buildPhases = (
				G10000012B00000000000001 /* Sources */,
				C10000012B00000000000001 /* Frameworks */,
			);
			buildRules = (
			);
			dependencies = (
			);
			name = iosApp;
			productName = iosApp;
			productReference = 100000012B00000000000001 /* iosApp.app */;
			productType = "com.apple.product-type.application";
		};
/* End PBXNativeTarget section */

/* Begin PBXProject section */
		H10000012B00000000000001 /* Project object */ = {
			isa = PBXProject;
			attributes = {
				BuildIndependentTargetsInParallel = YES;
				LastSwiftUpdateCheck = 1500;
				LastUpgradeCheck = 1500;
				TargetAttributes = {
					E10000012B00000000000001 = {
						CreatedOnToolsVersion = 15.0;
					};
				};
			};
			buildConfigurationList = F10000022B00000000000001 /* Build configuration list for PBXProject "iosApp" */;
			compatibilityVersion = "Xcode 14.0";
			developmentRegion = en;
			hasScannedForEncodings = 0;
			knownRegions = (
				en,
				Base,
			);
			mainGroup = D10000012B00000000000001;
			productRefGroup = D10000012B00000000000001;
			projectDirPath = "";
			projectRoot = "";
			targets = (
				E10000012B00000000000001 /* iosApp */,
			);
		};
/* End PBXProject section */

/* Begin PBXSourcesBuildPhase section */
		G10000012B00000000000001 /* Sources */ = {
			isa = PBXSourcesBuildPhase;
			buildActionMask = 2147483647;
			files = (
				A10000012B00000100000001 /* PALMApp.swift in Sources */,
				A10000022B00000200000001 /* ContentView.swift in Sources */,
				A10000032B00000300000001 /* AuthProviderProtocol.swift in Sources */,
				A10000042B00000400000001 /* IosAuthProvider.swift in Sources */,
			);
			runOnlyForDeploymentPostprocessing = 0;
		};
/* End PBXSourcesBuildPhase section */

/* Begin XCBuildConfiguration section */
		J10000012B00000000000001 /* Debug */ = {
			isa = XCBuildConfiguration;
			buildSettings = {
				ALWAYS_SEARCH_USER_PATHS = NO;
				CLANG_ENABLE_MODULES = YES;
				CODE_SIGN_STYLE = Automatic;
				INFOPLIST_FILE = iosApp/Info.plist;
				IPHONEOS_DEPLOYMENT_TARGET = 15.0;
				LD_RUNPATH_SEARCH_PATHS = (
					"$(inherited)",
					"@executable_path/Frameworks",
				);
				PRODUCT_BUNDLE_IDENTIFIER = com.palm.lifestyle.ios;
				PRODUCT_NAME = "$(TARGET_NAME)";
				SWIFT_VERSION = 5.0;
				TARGETED_DEVICE_FAMILY = "1,2";
			};
			name = Debug;
		};
		J10000022B00000000000001 /* Release */ = {
			isa = XCBuildConfiguration;
			buildSettings = {
				ALWAYS_SEARCH_USER_PATHS = NO;
				CLANG_ENABLE_MODULES = YES;
				CODE_SIGN_STYLE = Automatic;
				INFOPLIST_FILE = iosApp/Info.plist;
				IPHONEOS_DEPLOYMENT_TARGET = 15.0;
				LD_RUNPATH_SEARCH_PATHS = (
					"$(inherited)",
					"@executable_path/Frameworks",
				);
				PRODUCT_BUNDLE_IDENTIFIER = com.palm.lifestyle.ios;
				PRODUCT_NAME = "$(TARGET_NAME)";
				SWIFT_VERSION = 5.0;
				TARGETED_DEVICE_FAMILY = "1,2";
			};
			name = Release;
		};
		J10000032B00000000000001 /* Debug */ = {
			isa = XCBuildConfiguration;
			buildSettings = {
				SDKROOT = iphoneos;
			};
			name = Debug;
		};
		J10000042B00000000000001 /* Release */ = {
			isa = XCBuildConfiguration;
			buildSettings = {
				SDKROOT = iphoneos;
			};
			name = Release;
		};
/* End XCBuildConfiguration section */

/* Begin XCConfigurationList section */
		F10000012B00000000000001 /* Build configuration list for PBXNativeTarget "iosApp" */ = {
			isa = XCConfigurationList;
			buildConfigurations = (
				J10000012B00000000000001 /* Debug */,
				J10000022B00000000000001 /* Release */,
			);
			defaultConfigurationIsVisible = 0;
			defaultConfigurationName = Release;
		};
		F10000022B00000000000001 /* Build configuration list for PBXProject "iosApp" */ = {
			isa = XCConfigurationList;
			buildConfigurations = (
				J10000032B00000000000001 /* Debug */,
				J10000042B00000000000001 /* Release */,
			);
			defaultConfigurationIsVisible = 0;
			defaultConfigurationName = Release;
		};
/* End XCConfigurationList section */
	};
	rootObject = H10000012B00000000000001 /* Project object */;
}
